
Microsoft Visual Studio Solution File, Format Version 12.00
# Visual Studio Version 17
VisualStudioVersion = 17.14.36310.24 d17.14
MinimumVisualStudioVersion = 10.0.40219.1
Project("{FAE04EC0-301F-11D3-BF4B-00C04F79EFBC}") = "Clase-06-Métodos-y-funciones-en-C#", "Clase-06-Métodos-y-funciones-en-C#.csproj", "{DBDABFA1-A5BB-4790-80A4-BC2126970CD0}"
EndProject
Global
	GlobalSection(SolutionConfigurationPlatforms) = preSolution
		Debug|Any CPU = Debug|Any CPU
		Release|Any CPU = Release|Any CPU
	EndGlobalSection
	GlobalSection(ProjectConfigurationPlatforms) = postSolution
		{DBDABFA1-A5BB-4790-80A4-BC2126970CD0}.Debug|Any CPU.ActiveCfg = Debug|Any CPU
		{DBDABFA1-A5BB-4790-80A4-BC2126970CD0}.Debug|Any CPU.Build.0 = Debug|Any CPU
		{DBDABFA1-A5BB-4790-80A4-BC2126970CD0}.Release|Any CPU.ActiveCfg = Release|Any CPU
		{DBDABFA1-A5BB-4790-80A4-BC2126970CD0}.Release|Any CPU.Build.0 = Release|Any CPU
	EndGlobalSection
	GlobalSection(SolutionProperties) = preSolution
		HideSolutionNode = FALSE
	EndGlobalSection
	GlobalSection(ExtensibilityGlobals) = postSolution
		SolutionGuid = {42897259-CE0C-4109-8C51-18686993B4C4}
	EndGlobalSection
EndGlobal
